
Microsoft Visual Studio Solution File, Format Version 12.00
# Visual Studio 15
VisualStudioVersion = 15.0.27004.2005
MinimumVisualStudioVersion = 10.0.40219.1
Project("{FAE04EC0-301F-11D3-BF4B-00C04F79EFBC}") = "mastermindArtificialInteligence", "mastermindArtificialInteligence\mastermindArtificialInteligence.csproj", "{CE67C36A-2789-4F00-B916-1EC3C154C535}"
EndProject
Global
	GlobalSection(SolutionConfigurationPlatforms) = preSolution
		Debug|Any CPU = Debug|Any CPU
		Release|Any CPU = Release|Any CPU
	EndGlobalSection
	GlobalSection(ProjectConfigurationPlatforms) = postSolution
		{CE67C36A-2789-4F00-B916-1EC3C154C535}.Debug|Any CPU.ActiveCfg = Debug|Any CPU
		{CE67C36A-2789-4F00-B916-1EC3C154C535}.Debug|Any CPU.Build.0 = Debug|Any CPU
		{CE67C36A-2789-4F00-B916-1EC3C154C535}.Release|Any CPU.ActiveCfg = Release|Any CPU
		{CE67C36A-2789-4F00-B916-1EC3C154C535}.Release|Any CPU.Build.0 = Release|Any CPU
	EndGlobalSection
	GlobalSection(SolutionProperties) = preSolution
		HideSolutionNode = FALSE
	EndGlobalSection
	GlobalSection(ExtensibilityGlobals) = postSolution
		SolutionGuid = {EA0B7B30-B3AA-44EB-93E0-F74F232833D3}
	EndGlobalSection
EndGlobal
